
Microsoft Visual Studio Solution File, Format Version 12.00
# Visual Studio 14
VisualStudioVersion = 14.0.25420.1
MinimumVisualStudioVersion = 10.0.40219.1
Project("{FAE04EC0-301F-11D3-BF4B-00C04F79EFBC}") = "ChatDesktop", "ChatDesktop\ChatDesktop.csproj", "{E882AEF0-F1F3-4FC5-8B51-235EEFCF1F1A}"
EndProject
Project("{FAE04EC0-301F-11D3-BF4B-00C04F79EFBC}") = "Business", "Business\Business.csproj", "{1A76C835-0689-479B-B6B5-1C4F3D09B6DE}"
EndProject
Project("{FAE04EC0-301F-11D3-BF4B-00C04F79EFBC}") = "Data", "Data\Data.csproj", "{30C215F6-2F4D-4240-9F9B-4679E5BD06CF}"
EndProject
Project("{FAE04EC0-301F-11D3-BF4B-00C04F79EFBC}") = "Entities", "Entities\Entities.csproj", "{A64062DB-A665-4EDC-A26E-B9874A9F4EA5}"
EndProject
Global
	GlobalSection(SolutionConfigurationPlatforms) = preSolution
		Debug|Any CPU = Debug|Any CPU
		Release|Any CPU = Release|Any CPU
	EndGlobalSection
	GlobalSection(ProjectConfigurationPlatforms) = postSolution
		{E882AEF0-F1F3-4FC5-8B51-235EEFCF1F1A}.Debug|Any CPU.ActiveCfg = Debug|Any CPU
		{E882AEF0-F1F3-4FC5-8B51-235EEFCF1F1A}.Debug|Any CPU.Build.0 = Debug|Any CPU
		{E882AEF0-F1F3-4FC5-8B51-235EEFCF1F1A}.Release|Any CPU.ActiveCfg = Release|Any CPU
		{E882AEF0-F1F3-4FC5-8B51-235EEFCF1F1A}.Release|Any CPU.Build.0 = Release|Any CPU
		{1A76C835-0689-479B-B6B5-1C4F3D09B6DE}.Debug|Any CPU.ActiveCfg = Debug|Any CPU
		{1A76C835-0689-479B-B6B5-1C4F3D09B6DE}.Debug|Any CPU.Build.0 = Debug|Any CPU
		{1A76C835-0689-479B-B6B5-1C4F3D09B6DE}.Release|Any CPU.ActiveCfg = Release|Any CPU
		{1A76C835-0689-479B-B6B5-1C4F3D09B6DE}.Release|Any CPU.Build.0 = Release|Any CPU
		{30C215F6-2F4D-4240-9F9B-4679E5BD06CF}.Debug|Any CPU.ActiveCfg = Debug|Any CPU
		{30C215F6-2F4D-4240-9F9B-4679E5BD06CF}.Debug|Any CPU.Build.0 = Debug|Any CPU
		{30C215F6-2F4D-4240-9F9B-4679E5BD06CF}.Release|Any CPU.ActiveCfg = Release|Any CPU
		{30C215F6-2F4D-4240-9F9B-4679E5BD06CF}.Release|Any CPU.Build.0 = Release|Any CPU
		{A64062DB-A665-4EDC-A26E-B9874A9F4EA5}.Debug|Any CPU.ActiveCfg = Debug|Any CPU
		{A64062DB-A665-4EDC-A26E-B9874A9F4EA5}.Debug|Any CPU.Build.0 = Debug|Any CPU
		{A64062DB-A665-4EDC-A26E-B9874A9F4EA5}.Release|Any CPU.ActiveCfg = Release|Any CPU
		{A64062DB-A665-4EDC-A26E-B9874A9F4EA5}.Release|Any CPU.Build.0 = Release|Any CPU
	EndGlobalSection
	GlobalSection(SolutionProperties) = preSolution
		HideSolutionNode = FALSE
	EndGlobalSection
EndGlobal
